
Microsoft Visual Studio Solution File, Format Version 12.00
# Visual Studio Version 17
VisualStudioVersion = 17.8.34330.188
MinimumVisualStudioVersion = 10.0.40219.1
Project("{FAE04EC0-301F-11D3-BF4B-00C04F79EFBC}") = "RealEstate_Dapper_Api", "RealEstate_Dapper_Api\RealEstate_Dapper_Api.csproj", "{9393B62F-7355-4BA0-AA85-DC1883F74F57}"
EndProject
Project("{FAE04EC0-301F-11D3-BF4B-00C04F79EFBC}") = "RealEstate_Dapper_UI", "RealEstate_Dapper_UI\RealEstate_Dapper_UI.csproj", "{789A3FE9-2847-4211-A300-E408C4C9A11B}"
EndProject
Global
	GlobalSection(SolutionConfigurationPlatforms) = preSolution
		Debug|Any CPU = Debug|Any CPU
		Release|Any CPU = Release|Any CPU
	EndGlobalSection
	GlobalSection(ProjectConfigurationPlatforms) = postSolution
		{9393B62F-7355-4BA0-AA85-DC1883F74F57}.Debug|Any CPU.ActiveCfg = Debug|Any CPU
		{9393B62F-7355-4BA0-AA85-DC1883F74F57}.Debug|Any CPU.Build.0 = Debug|Any CPU
		{9393B62F-7355-4BA0-AA85-DC1883F74F57}.Release|Any CPU.ActiveCfg = Release|Any CPU
		{9393B62F-7355-4BA0-AA85-DC1883F74F57}.Release|Any CPU.Build.0 = Release|Any CPU
		{789A3FE9-2847-4211-A300-E408C4C9A11B}.Debug|Any CPU.ActiveCfg = Debug|Any CPU
		{789A3FE9-2847-4211-A300-E408C4C9A11B}.Debug|Any CPU.Build.0 = Debug|Any CPU
		{789A3FE9-2847-4211-A300-E408C4C9A11B}.Release|Any CPU.ActiveCfg = Release|Any CPU
		{789A3FE9-2847-4211-A300-E408C4C9A11B}.Release|Any CPU.Build.0 = Release|Any CPU
	EndGlobalSection
	GlobalSection(SolutionProperties) = preSolution
		HideSolutionNode = FALSE
	EndGlobalSection
	GlobalSection(ExtensibilityGlobals) = postSolution
		SolutionGuid = {36ACEB4A-7E67-4BDC-ADAE-ADA057D6F287}
	EndGlobalSection
EndGlobal
